
Microsoft Visual Studio Solution File, Format Version 12.00
# Visual Studio 15
VisualStudioVersion = 15.0.26730.16
MinimumVisualStudioVersion = 10.0.40219.1
Project("{FAE04EC0-301F-11D3-BF4B-00C04F79EFBC}") = "FinancialPortal", "FinancialPortal\FinancialPortal.csproj", "{559C9F2E-3D21-4F44-9E94-BD2424339652}"
EndProject
Project("{FAE04EC0-301F-11D3-BF4B-00C04F79EFBC}") = "FinancialPortal.Tests", "FinancialPortal.Tests\FinancialPortal.Tests.csproj", "{F84A7F59-1C5C-4E64-8163-0C02340CBE38}"
EndProject
Global
	GlobalSection(SolutionConfigurationPlatforms) = preSolution
		Debug|Any CPU = Debug|Any CPU
		Release|Any CPU = Release|Any CPU
	EndGlobalSection
	GlobalSection(ProjectConfigurationPlatforms) = postSolution
		{559C9F2E-3D21-4F44-9E94-BD2424339652}.Debug|Any CPU.ActiveCfg = Debug|Any CPU
		{559C9F2E-3D21-4F44-9E94-BD2424339652}.Debug|Any CPU.Build.0 = Debug|Any CPU
		{559C9F2E-3D21-4F44-9E94-BD2424339652}.Release|Any CPU.ActiveCfg = Release|Any CPU
		{559C9F2E-3D21-4F44-9E94-BD2424339652}.Release|Any CPU.Build.0 = Release|Any CPU
		{F84A7F59-1C5C-4E64-8163-0C02340CBE38}.Debug|Any CPU.ActiveCfg = Debug|Any CPU
		{F84A7F59-1C5C-4E64-8163-0C02340CBE38}.Debug|Any CPU.Build.0 = Debug|Any CPU
		{F84A7F59-1C5C-4E64-8163-0C02340CBE38}.Release|Any CPU.ActiveCfg = Release|Any CPU
		{F84A7F59-1C5C-4E64-8163-0C02340CBE38}.Release|Any CPU.Build.0 = Release|Any CPU
	EndGlobalSection
	GlobalSection(SolutionProperties) = preSolution
		HideSolutionNode = FALSE
	EndGlobalSection
	GlobalSection(ExtensibilityGlobals) = postSolution
		SolutionGuid = {0B829F5A-AA45-4FDD-B66D-30B20A7D60A0}
	EndGlobalSection
EndGlobal
